%{"elixir_make": {:hex, :elixir_make, "0.3.0", "285147fa943806eee82f6680b7b446b5569bcf3ee8328fa0a7c200ffc44fbaba", [:mix], []},
  "elixir_serial": {:git, "https://github.com/bitgamma/elixir_serial", "0ea4220a2a44451f33b20cb2a71adb4265b29d61", [tag: "v0.1.2"]},
  "nerves_uart": {:git, "https://github.com/dhanson358/nerves_uart", "217383bcb03faa9089dadd88f4252f8dbd771b2d", []},
  "serial": {:git, "https://github.com/bitgamma/elixir_serial", "0ea4220a2a44451f33b20cb2a71adb4265b29d61", [tag: "v0.1.2"]}}
